// !$*UTF8*$!
{
	archiveVersion = 1;
	classes = {
	};
	objectVersion = 46;
	objects = {

/* Begin PBXBuildFile section */
		1DDD582C0DA1D0D100B32029 /* CPTPlotDocument.xib in Resources */ = {isa = PBXBuildFile; fileRef = 1DDD58280DA1D0D100B32029 /* CPTPlotDocument.xib */; };
		1DDD582D0DA1D0D100B32029 /* MainMenu.xib in Resources */ = {isa = PBXBuildFile; fileRef = 1DDD582A0DA1D0D100B32029 /* MainMenu.xib */; };
		8D15AC2C0486D014006FF6A4 /* Credits.rtf in Resources */ = {isa = PBXBuildFile; fileRef = 2A37F4B9FDCFA73011CA2CEA /* Credits.rtf */; };
		8D15AC2F0486D014006FF6A4 /* InfoPlist.strings in Resources */ = {isa = PBXBuildFile; fileRef = 089C165FFE840EACC02AAC07 /* InfoPlist.strings */; };
		8D15AC320486D014006FF6A4 /* main.m in Sources */ = {isa = PBXBuildFile; fileRef = 2A37F4B0FDCFA73011CA2CEA /* main.m */; settings = {ATTRIBUTES = (); }; };
		8D15AC340486D014006FF6A4 /* Cocoa.framework in Frameworks */ = {isa = PBXBuildFile; fileRef = 1058C7A7FEA54F5311CA2CBB /* Cocoa.framework */; };
		9D46B00E18DC9E590077227D /* PlotItem.m in Sources */ = {isa = PBXBuildFile; fileRef = 9D46B00D18DC9E590077227D /* PlotItem.m */; };
		9D46B01118DC9E850077227D /* RealTimePlot.m in Sources */ = {isa = PBXBuildFile; fileRef = 9D46B01018DC9E850077227D /* RealTimePlot.m */; };
		9D46B01418DC9F0A0077227D /* PlotGallery.m in Sources */ = {isa = PBXBuildFile; fileRef = 9D46B01318DC9F0A0077227D /* PlotGallery.m */; };
		9D46B01618DCA0B00077227D /* Quartz.framework in Frameworks */ = {isa = PBXBuildFile; fileRef = 9D46B01518DCA0B00077227D /* Quartz.framework */; };
		9D46B01918DCB3CA0077227D /* PlotView.m in Sources */ = {isa = PBXBuildFile; fileRef = 9D46B01818DCB3CA0077227D /* PlotView.m */; };
		9D46B01F18DCB7560077227D /* PlotController.m in Sources */ = {isa = PBXBuildFile; fileRef = 9D46B01E18DCB7560077227D /* PlotController.m */; };
		9DBE3B8A18DC817700FCDAFE /* CorePlot.framework in Frameworks */ = {isa = PBXBuildFile; fileRef = 9DBE3B8918DC817700FCDAFE /* CorePlot.framework */; };
		9DBE3B8B18DC818900FCDAFE /* CorePlot.framework in Copy Frameworks */ = {isa = PBXBuildFile; fileRef = 9DBE3B8918DC817700FCDAFE /* CorePlot.framework */; };
		BC00E6480FE1BF0A00DE81E0 /* QuartzCore.framework in Frameworks */ = {isa = PBXBuildFile; fileRef = BC00E6470FE1BF0A00DE81E0 /* QuartzCore.framework */; };
		BC93AAF60FDF3F0200606226 /* NSString+ParseCSV.m in Sources */ = {isa = PBXBuildFile; fileRef = BC93AAF50FDF3F0200606226 /* NSString+ParseCSV.m */; };
		BCFD32AE0FEF08EA00A5B71C /* CorePlotIcon.icns in Resources */ = {isa = PBXBuildFile; fileRef = BCFD32AD0FEF08EA00A5B71C /* CorePlotIcon.icns */; };
		D720C91418DBD9D4003B49FE /* Accelerate.framework in Frameworks */ = {isa = PBXBuildFile; fileRef = D720C91318DBD9D4003B49FE /* Accelerate.framework */; };
		DE87CC0C18E0224D007CE20B /* IOBluetooth.framework in Frameworks */ = {isa = PBXBuildFile; fileRef = DE87CC0B18E0224D007CE20B /* IOBluetooth.framework */; };
		DE87CC0E18E02257007CE20B /* IOBluetoothUI.framework in Frameworks */ = {isa = PBXBuildFile; fileRef = DE87CC0D18E02257007CE20B /* IOBluetoothUI.framework */; };
		DEEC103518E0826300ABA401 /* UARTPeripheral.m in Sources */ = {isa = PBXBuildFile; fileRef = DEEC103418E0826300ABA401 /* UARTPeripheral.m */; };
/* End PBXBuildFile section */

/* Begin PBXCopyFilesBuildPhase section */
		BC93AACD0FDF339400606226 /* Copy Frameworks */ = {
			isa = PBXCopyFilesBuildPhase;
			buildActionMask = 2147483647;
			dstPath = "";
			dstSubfolderSpec = 10;
			files = (
				9DBE3B8B18DC818900FCDAFE /* CorePlot.framework in Copy Frameworks */,
			);
			name = "Copy Frameworks";
			runOnlyForDeploymentPostprocessing = 0;
		};
		D720C92118DBDFD5003B49FE /* CopyFiles */ = {
			isa = PBXCopyFilesBuildPhase;
			buildActionMask = 2147483647;
			dstPath = "";
			dstSubfolderSpec = 10;
			files = (
			);
			runOnlyForDeploymentPostprocessing = 0;
		};
/* End PBXCopyFilesBuildPhase section */

/* Begin PBXFileReference section */
		089C1660FE840EACC02AAC07 /* English */ = {isa = PBXFileReference; fileEncoding = 10; lastKnownFileType = text.plist.strings; name = English; path = English.lproj/InfoPlist.strings; sourceTree = "<group>"; };
		1058C7A7FEA54F5311CA2CBB /* Cocoa.framework */ = {isa = PBXFileReference; lastKnownFileType = wrapper.framework; name = Cocoa.framework; path = /System/Library/Frameworks/Cocoa.framework; sourceTree = "<absolute>"; };
		13E42FBA07B3F13500E4EEF1 /* CoreData.framework */ = {isa = PBXFileReference; lastKnownFileType = wrapper.framework; name = CoreData.framework; path = /System/Library/Frameworks/CoreData.framework; sourceTree = "<absolute>"; };
		1DDD58290DA1D0D100B32029 /* English */ = {isa = PBXFileReference; lastKnownFileType = file.xib; name = English; path = English.lproj/CPTPlotDocument.xib; sourceTree = "<group>"; };
		1DDD582B0DA1D0D100B32029 /* English */ = {isa = PBXFileReference; lastKnownFileType = file.xib; name = English; path = English.lproj/MainMenu.xib; sourceTree = "<group>"; };
		2A37F4ACFDCFA73011CA2CEA /* CPTPlotDocument.m */ = {isa = PBXFileReference; fileEncoding = 4; lastKnownFileType = sourcecode.c.objc; path = CPTPlotDocument.m; sourceTree = "<group>"; };
		2A37F4AEFDCFA73011CA2CEA /* CPTPlotDocument.h */ = {isa = PBXFileReference; fileEncoding = 4; lastKnownFileType = sourcecode.c.h; path = CPTPlotDocument.h; sourceTree = "<group>"; };
		2A37F4B0FDCFA73011CA2CEA /* main.m */ = {isa = PBXFileReference; fileEncoding = 4; lastKnownFileType = sourcecode.c.objc; path = main.m; sourceTree = "<group>"; };
		2A37F4BAFDCFA73011CA2CEA /* English */ = {isa = PBXFileReference; lastKnownFileType = text.rtf; name = English; path = English.lproj/Credits.rtf; sourceTree = "<group>"; };
		2A37F4C4FDCFA73011CA2CEA /* AppKit.framework */ = {isa = PBXFileReference; lastKnownFileType = wrapper.framework; name = AppKit.framework; path = /System/Library/Frameworks/AppKit.framework; sourceTree = "<absolute>"; };
		2A37F4C5FDCFA73011CA2CEA /* Foundation.framework */ = {isa = PBXFileReference; lastKnownFileType = wrapper.framework; name = Foundation.framework; path = /System/Library/Frameworks/Foundation.framework; sourceTree = "<absolute>"; };
		32DBCF750370BD2300C91783 /* UISample_Prefix.pch */ = {isa = PBXFileReference; fileEncoding = 4; lastKnownFileType = sourcecode.c.h; path = UISample_Prefix.pch; sourceTree = "<group>"; };
		8D15AC360486D014006FF6A4 /* Info.plist */ = {isa = PBXFileReference; fileEncoding = 4; lastKnownFileType = text.plist.xml; path = Info.plist; sourceTree = "<group>"; };
		8D15AC370486D014006FF6A4 /* UISample.app */ = {isa = PBXFileReference; explicitFileType = wrapper.application; includeInIndex = 0; path = UISample.app; sourceTree = BUILT_PRODUCTS_DIR; };
		9D46B00C18DC9E590077227D /* PlotItem.h */ = {isa = PBXFileReference; fileEncoding = 4; lastKnownFileType = sourcecode.c.h; path = PlotItem.h; sourceTree = "<group>"; };
		9D46B00D18DC9E590077227D /* PlotItem.m */ = {isa = PBXFileReference; fileEncoding = 4; lastKnownFileType = sourcecode.c.objc; path = PlotItem.m; sourceTree = "<group>"; };
		9D46B00F18DC9E850077227D /* RealTimePlot.h */ = {isa = PBXFileReference; fileEncoding = 4; lastKnownFileType = sourcecode.c.h; path = RealTimePlot.h; sourceTree = "<group>"; };
		9D46B01018DC9E850077227D /* RealTimePlot.m */ = {isa = PBXFileReference; fileEncoding = 4; lastKnownFileType = sourcecode.c.objc; path = RealTimePlot.m; sourceTree = "<group>"; };
		9D46B01218DC9F0A0077227D /* PlotGallery.h */ = {isa = PBXFileReference; fileEncoding = 4; lastKnownFileType = sourcecode.c.h; path = PlotGallery.h; sourceTree = "<group>"; };
		9D46B01318DC9F0A0077227D /* PlotGallery.m */ = {isa = PBXFileReference; fileEncoding = 4; lastKnownFileType = sourcecode.c.objc; path = PlotGallery.m; sourceTree = "<group>"; };
		9D46B01518DCA0B00077227D /* Quartz.framework */ = {isa = PBXFileReference; lastKnownFileType = wrapper.framework; name = Quartz.framework; path = System/Library/Frameworks/Quartz.framework; sourceTree = SDKROOT; };
		9D46B01718DCB3CA0077227D /* PlotView.h */ = {isa = PBXFileReference; fileEncoding = 4; lastKnownFileType = sourcecode.c.h; path = PlotView.h; sourceTree = "<group>"; };
		9D46B01818DCB3CA0077227D /* PlotView.m */ = {isa = PBXFileReference; fileEncoding = 4; lastKnownFileType = sourcecode.c.objc; path = PlotView.m; sourceTree = "<group>"; };
		9D46B01A18DCB5450077227D /* Plot_MacAppDelegate.h */ = {isa = PBXFileReference; fileEncoding = 4; lastKnownFileType = sourcecode.c.h; path = Plot_MacAppDelegate.h; sourceTree = "<group>"; };
		9D46B01B18DCB5450077227D /* Plot_MacAppDelegate.m */ = {isa = PBXFileReference; fileEncoding = 4; lastKnownFileType = sourcecode.c.objc; path = Plot_MacAppDelegate.m; sourceTree = "<group>"; };
		9D46B01D18DCB7560077227D /* PlotController.h */ = {isa = PBXFileReference; fileEncoding = 4; lastKnownFileType = sourcecode.c.h; path = PlotController.h; sourceTree = "<group>"; };
		9D46B01E18DCB7560077227D /* PlotController.m */ = {isa = PBXFileReference; fileEncoding = 4; lastKnownFileType = sourcecode.c.objc; path = PlotController.m; sourceTree = "<group>"; };
		9DBE3B8918DC817700FCDAFE /* CorePlot.framework */ = {isa = PBXFileReference; lastKnownFileType = wrapper.framework; path = CorePlot.framework; sourceTree = "<group>"; };
		BC00E6470FE1BF0A00DE81E0 /* QuartzCore.framework */ = {isa = PBXFileReference; lastKnownFileType = wrapper.framework; name = QuartzCore.framework; path = System/Library/Frameworks/QuartzCore.framework; sourceTree = SDKROOT; };
		BC93AAF40FDF3F0200606226 /* NSString+ParseCSV.h */ = {isa = PBXFileReference; fileEncoding = 4; lastKnownFileType = sourcecode.c.h; path = "NSString+ParseCSV.h"; sourceTree = "<group>"; };
		BC93AAF50FDF3F0200606226 /* NSString+ParseCSV.m */ = {isa = PBXFileReference; fileEncoding = 4; lastKnownFileType = sourcecode.c.objc; path = "NSString+ParseCSV.m"; sourceTree = "<group>"; };
		BCFD32AD0FEF08EA00A5B71C /* CorePlotIcon.icns */ = {isa = PBXFileReference; lastKnownFileType = image.icns; path = CorePlotIcon.icns; sourceTree = "<group>"; };
		D720C91318DBD9D4003B49FE /* Accelerate.framework */ = {isa = PBXFileReference; lastKnownFileType = wrapper.framework; name = Accelerate.framework; path = System/Library/Frameworks/Accelerate.framework; sourceTree = SDKROOT; };
		DE87CC0B18E0224D007CE20B /* IOBluetooth.framework */ = {isa = PBXFileReference; lastKnownFileType = wrapper.framework; name = IOBluetooth.framework; path = System/Library/Frameworks/IOBluetooth.framework; sourceTree = SDKROOT; };
		DE87CC0D18E02257007CE20B /* IOBluetoothUI.framework */ = {isa = PBXFileReference; lastKnownFileType = wrapper.framework; name = IOBluetoothUI.framework; path = System/Library/Frameworks/IOBluetoothUI.framework; sourceTree = SDKROOT; };
		DEEC103318E0826300ABA401 /* UARTPeripheral.h */ = {isa = PBXFileReference; fileEncoding = 4; lastKnownFileType = sourcecode.c.h; path = UARTPeripheral.h; sourceTree = "<group>"; };
		DEEC103418E0826300ABA401 /* UARTPeripheral.m */ = {isa = PBXFileReference; fileEncoding = 4; lastKnownFileType = sourcecode.c.objc; path = UARTPeripheral.m; sourceTree = "<group>"; };
/* End PBXFileReference section */

/* Begin PBXFrameworksBuildPhase section */
		8D15AC330486D014006FF6A4 /* Frameworks */ = {
			isa = PBXFrameworksBuildPhase;
			buildActionMask = 2147483647;
			files = (
				DE87CC0E18E02257007CE20B /* IOBluetoothUI.framework in Frameworks */,
				DE87CC0C18E0224D007CE20B /* IOBluetooth.framework in Frameworks */,
				9D46B01618DCA0B00077227D /* Quartz.framework in Frameworks */,
				9DBE3B8A18DC817700FCDAFE /* CorePlot.framework in Frameworks */,
				D720C91418DBD9D4003B49FE /* Accelerate.framework in Frameworks */,
				8D15AC340486D014006FF6A4 /* Cocoa.framework in Frameworks */,
				BC00E6480FE1BF0A00DE81E0 /* QuartzCore.framework in Frameworks */,
			);
			runOnlyForDeploymentPostprocessing = 0;
		};
/* End PBXFrameworksBuildPhase section */

/* Begin PBXGroup section */
		1058C7A6FEA54F5311CA2CBB /* Linked Frameworks */ = {
			isa = PBXGroup;
			children = (
				BC00E6470FE1BF0A00DE81E0 /* QuartzCore.framework */,
				1058C7A7FEA54F5311CA2CBB /* Cocoa.framework */,
			);
			name = "Linked Frameworks";
			sourceTree = "<group>";
		};
		1058C7A8FEA54F5311CA2CBB /* Other Frameworks */ = {
			isa = PBXGroup;
			children = (
				2A37F4C4FDCFA73011CA2CEA /* AppKit.framework */,
				13E42FBA07B3F13500E4EEF1 /* CoreData.framework */,
				2A37F4C5FDCFA73011CA2CEA /* Foundation.framework */,
			);
			name = "Other Frameworks";
			sourceTree = "<group>";
		};
		19C28FB0FE9D524F11CA2CBB /* Products */ = {
			isa = PBXGroup;
			children = (
				8D15AC370486D014006FF6A4 /* UISample.app */,
			);
			name = Products;
			sourceTree = "<group>";
		};
		2A37F4AAFDCFA73011CA2CEA /* DropPlot */ = {
			isa = PBXGroup;
			children = (
				2A37F4ABFDCFA73011CA2CEA /* Classes */,
				2A37F4AFFDCFA73011CA2CEA /* Other Sources */,
				2A37F4B8FDCFA73011CA2CEA /* Resources */,
				2A37F4C3FDCFA73011CA2CEA /* Frameworks */,
				19C28FB0FE9D524F11CA2CBB /* Products */,
			);
			indentWidth = 4;
			name = DropPlot;
			sourceTree = "<group>";
			tabWidth = 4;
			usesTabs = 0;
		};
		2A37F4ABFDCFA73011CA2CEA /* Classes */ = {
			isa = PBXGroup;
			children = (
				DEEC103318E0826300ABA401 /* UARTPeripheral.h */,
				DEEC103418E0826300ABA401 /* UARTPeripheral.m */,
				9D46B01D18DCB7560077227D /* PlotController.h */,
				9D46B01E18DCB7560077227D /* PlotController.m */,
				9D46B01A18DCB5450077227D /* Plot_MacAppDelegate.h */,
				9D46B01B18DCB5450077227D /* Plot_MacAppDelegate.m */,
				9D46B01718DCB3CA0077227D /* PlotView.h */,
				9D46B01818DCB3CA0077227D /* PlotView.m */,
				9D46B01218DC9F0A0077227D /* PlotGallery.h */,
				9D46B01318DC9F0A0077227D /* PlotGallery.m */,
				9D46B00F18DC9E850077227D /* RealTimePlot.h */,
				9D46B01018DC9E850077227D /* RealTimePlot.m */,
				9D46B00C18DC9E590077227D /* PlotItem.h */,
				9D46B00D18DC9E590077227D /* PlotItem.m */,
				2A37F4AEFDCFA73011CA2CEA /* CPTPlotDocument.h */,
				2A37F4ACFDCFA73011CA2CEA /* CPTPlotDocument.m */,
				BC93AAF40FDF3F0200606226 /* NSString+ParseCSV.h */,
				BC93AAF50FDF3F0200606226 /* NSString+ParseCSV.m */,
			);
			name = Classes;
			sourceTree = "<group>";
		};
		2A37F4AFFDCFA73011CA2CEA /* Other Sources */ = {
			isa = PBXGroup;
			children = (
				32DBCF750370BD2300C91783 /* UISample_Prefix.pch */,
				2A37F4B0FDCFA73011CA2CEA /* main.m */,
			);
			name = "Other Sources";
			sourceTree = "<group>";
		};
		2A37F4B8FDCFA73011CA2CEA /* Resources */ = {
			isa = PBXGroup;
			children = (
				BCFD32AD0FEF08EA00A5B71C /* CorePlotIcon.icns */,
				2A37F4B9FDCFA73011CA2CEA /* Credits.rtf */,
				8D15AC360486D014006FF6A4 /* Info.plist */,
				089C165FFE840EACC02AAC07 /* InfoPlist.strings */,
				1DDD58280DA1D0D100B32029 /* CPTPlotDocument.xib */,
				1DDD582A0DA1D0D100B32029 /* MainMenu.xib */,
			);
			name = Resources;
			sourceTree = "<group>";
		};
		2A37F4C3FDCFA73011CA2CEA /* Frameworks */ = {
			isa = PBXGroup;
			children = (
				DE87CC0D18E02257007CE20B /* IOBluetoothUI.framework */,
				DE87CC0B18E0224D007CE20B /* IOBluetooth.framework */,
				9D46B01518DCA0B00077227D /* Quartz.framework */,
				9DBE3B8918DC817700FCDAFE /* CorePlot.framework */,
				D720C91318DBD9D4003B49FE /* Accelerate.framework */,
				1058C7A6FEA54F5311CA2CBB /* Linked Frameworks */,
				1058C7A8FEA54F5311CA2CBB /* Other Frameworks */,
			);
			name = Frameworks;
			sourceTree = "<group>";
		};
/* End PBXGroup section */

/* Begin PBXNativeTarget section */
		8D15AC270486D014006FF6A4 /* UISample */ = {
			isa = PBXNativeTarget;
			buildConfigurationList = C05733C708A9546B00998B17 /* Build configuration list for PBXNativeTarget "UISample" */;
			buildPhases = (
				8D15AC2B0486D014006FF6A4 /* Resources */,
				BC93AACD0FDF339400606226 /* Copy Frameworks */,
				8D15AC300486D014006FF6A4 /* Sources */,
				8D15AC330486D014006FF6A4 /* Frameworks */,
				D720C92118DBDFD5003B49FE /* CopyFiles */,
			);
			buildRules = (
			);
			dependencies = (
			);
			name = UISample;
			productInstallPath = "$(HOME)/Applications";
			productName = DropPlot;
			productReference = 8D15AC370486D014006FF6A4 /* UISample.app */;
			productType = "com.apple.product-type.application";
		};
/* End PBXNativeTarget section */

/* Begin PBXProject section */
		2A37F4A9FDCFA73011CA2CEA /* Project object */ = {
			isa = PBXProject;
			attributes = {
				LastUpgradeCheck = 0500;
			};
			buildConfigurationList = C05733CB08A9546B00998B17 /* Build configuration list for PBXProject "UISample" */;
			compatibilityVersion = "Xcode 3.2";
			developmentRegion = English;
			hasScannedForEncodings = 1;
			knownRegions = (
				English,
				Japanese,
				French,
				German,
			);
			mainGroup = 2A37F4AAFDCFA73011CA2CEA /* DropPlot */;
			projectDirPath = "";
			projectRoot = "";
			targets = (
				8D15AC270486D014006FF6A4 /* UISample */,
			);
		};
/* End PBXProject section */

/* Begin PBXResourcesBuildPhase section */
		8D15AC2B0486D014006FF6A4 /* Resources */ = {
			isa = PBXResourcesBuildPhase;
			buildActionMask = 2147483647;
			files = (
				8D15AC2C0486D014006FF6A4 /* Credits.rtf in Resources */,
				8D15AC2F0486D014006FF6A4 /* InfoPlist.strings in Resources */,
				1DDD582C0DA1D0D100B32029 /* CPTPlotDocument.xib in Resources */,
				1DDD582D0DA1D0D100B32029 /* MainMenu.xib in Resources */,
				BCFD32AE0FEF08EA00A5B71C /* CorePlotIcon.icns in Resources */,
			);
			runOnlyForDeploymentPostprocessing = 0;
		};
/* End PBXResourcesBuildPhase section */

/* Begin PBXSourcesBuildPhase section */
		8D15AC300486D014006FF6A4 /* Sources */ = {
			isa = PBXSourcesBuildPhase;
			buildActionMask = 2147483647;
			files = (
				9D46B01918DCB3CA0077227D /* PlotView.m in Sources */,
				DEEC103518E0826300ABA401 /* UARTPeripheral.m in Sources */,
				9D46B01118DC9E850077227D /* RealTimePlot.m in Sources */,
				9D46B01F18DCB7560077227D /* PlotController.m in Sources */,
				8D15AC320486D014006FF6A4 /* main.m in Sources */,
				9D46B01418DC9F0A0077227D /* PlotGallery.m in Sources */,
				BC93AAF60FDF3F0200606226 /* NSString+ParseCSV.m in Sources */,
				9D46B00E18DC9E590077227D /* PlotItem.m in Sources */,
			);
			runOnlyForDeploymentPostprocessing = 0;
		};
/* End PBXSourcesBuildPhase section */

/* Begin PBXVariantGroup section */
		089C165FFE840EACC02AAC07 /* InfoPlist.strings */ = {
			isa = PBXVariantGroup;
			children = (
				089C1660FE840EACC02AAC07 /* English */,
			);
			name = InfoPlist.strings;
			sourceTree = "<group>";
		};
		1DDD58280DA1D0D100B32029 /* CPTPlotDocument.xib */ = {
			isa = PBXVariantGroup;
			children = (
				1DDD58290DA1D0D100B32029 /* English */,
			);
			name = CPTPlotDocument.xib;
			sourceTree = "<group>";
		};
		1DDD582A0DA1D0D100B32029 /* MainMenu.xib */ = {
			isa = PBXVariantGroup;
			children = (
				1DDD582B0DA1D0D100B32029 /* English */,
			);
			name = MainMenu.xib;
			sourceTree = "<group>";
		};
		2A37F4B9FDCFA73011CA2CEA /* Credits.rtf */ = {
			isa = PBXVariantGroup;
			children = (
				2A37F4BAFDCFA73011CA2CEA /* English */,
			);
			name = Credits.rtf;
			sourceTree = "<group>";
		};
/* End PBXVariantGroup section */

/* Begin XCBuildConfiguration section */
		C05733C808A9546B00998B17 /* Debug */ = {
			isa = XCBuildConfiguration;
			buildSettings = {
				ALWAYS_SEARCH_USER_PATHS = NO;
				CLANG_ENABLE_OBJC_ARC = YES;
				COMBINE_HIDPI_IMAGES = YES;
				COPY_PHASE_STRIP = NO;
				FRAMEWORK_SEARCH_PATHS = "$(PROJECT_DIR)";
				GCC_DYNAMIC_NO_PIC = NO;
				GCC_MODEL_TUNING = G5;
				GCC_OPTIMIZATION_LEVEL = 0;
				GCC_PRECOMPILE_PREFIX_HEADER = YES;
				GCC_PREFIX_HEADER = UISample_Prefix.pch;
				INFOPLIST_FILE = Info.plist;
				INSTALL_PATH = "$(HOME)/Applications";
				LIBRARY_SEARCH_PATHS = (
					"$(inherited)",
					"$(PROJECT_DIR)",
				);
				OTHER_LDFLAGS = "-ObjC";
				PRODUCT_NAME = UISample;
			};
			name = Debug;
		};
		C05733C908A9546B00998B17 /* Release */ = {
			isa = XCBuildConfiguration;
			buildSettings = {
				ALWAYS_SEARCH_USER_PATHS = NO;
				CLANG_ENABLE_OBJC_ARC = YES;
				COMBINE_HIDPI_IMAGES = YES;
				DEBUG_INFORMATION_FORMAT = "dwarf-with-dsym";
				FRAMEWORK_SEARCH_PATHS = "$(PROJECT_DIR)";
				GCC_MODEL_TUNING = G5;
				GCC_PRECOMPILE_PREFIX_HEADER = YES;
				GCC_PREFIX_HEADER = UISample_Prefix.pch;
				HEADER_SEARCH_PATHS = "";
				INFOPLIST_FILE = Info.plist;
				INSTALL_PATH = "$(HOME)/Applications";
				LIBRARY_SEARCH_PATHS = (
					"$(inherited)",
					"$(PROJECT_DIR)",
				);
				OTHER_LDFLAGS = "-ObjC";
				PRODUCT_NAME = UISample;
			};
			name = Release;
		};
		C05733CC08A9546B00998B17 /* Debug */ = {
			isa = XCBuildConfiguration;
			buildSettings = {
				ALWAYS_SEARCH_USER_PATHS = NO;
				FRAMEWORK_SEARCH_PATHS = "\"$(SRCROOT)/../../framework/build/$(CONFIGURATION)\"/**";
				GCC_C_LANGUAGE_STANDARD = c99;
				GCC_OPTIMIZATION_LEVEL = 0;
				GCC_TREAT_WARNINGS_AS_ERRORS = YES;
				GCC_WARN_ABOUT_RETURN_TYPE = YES;
				GCC_WARN_UNUSED_VARIABLE = YES;
				ONLY_ACTIVE_ARCH = YES;
				OTHER_LDFLAGS = "-ObjC";
				SDKROOT = macosx;
				SYMROOT = "$(SRCROOT)/../../build";
			};
			name = Debug;
		};
		C05733CD08A9546B00998B17 /* Release */ = {
			isa = XCBuildConfiguration;
			buildSettings = {
				FRAMEWORK_SEARCH_PATHS = "\"$(SRCROOT)/../../framework/build/$(CONFIGURATION)\"/**";
				GCC_C_LANGUAGE_STANDARD = c99;
				GCC_WARN_ABOUT_RETURN_TYPE = YES;
				GCC_WARN_UNUSED_VARIABLE = YES;
				OTHER_LDFLAGS = "-ObjC";
				SDKROOT = macosx;
				SYMROOT = "$(SRCROOT)/../../build";
			};
			name = Release;
		};
/* End XCBuildConfiguration section */

/* Begin XCConfigurationList section */
		C05733C708A9546B00998B17 /* Build configuration list for PBXNativeTarget "UISample" */ = {
			isa = XCConfigurationList;
			buildConfigurations = (
				C05733C808A9546B00998B17 /* Debug */,
				C05733C908A9546B00998B17 /* Release */,
			);
			defaultConfigurationIsVisible = 0;
			defaultConfigurationName = Release;
		};
		C05733CB08A9546B00998B17 /* Build configuration list for PBXProject "UISample" */ = {
			isa = XCConfigurationList;
			buildConfigurations = (
				C05733CC08A9546B00998B17 /* Debug */,
				C05733CD08A9546B00998B17 /* Release */,
			);
			defaultConfigurationIsVisible = 0;
			defaultConfigurationName = Release;
		};
/* End XCConfigurationList section */
	};
	rootObject = 2A37F4A9FDCFA73011CA2CEA /* Project object */;
}
